# This file is generated by running "yarn install" inside your project.
# Manual changes might be lost - proceed with caution!

__metadata:
  version: 6
  cacheKey: 8

"entertainme@workspace:.":
  version: 0.0.0-use.local
  resolution: "entertainme@workspace:."
  dependencies:
    react-turnstile: ^1.1.4
  languageName: unknown
  linkType: soft

"react-turnstile@npm:^1.1.4":
  version: 1.1.4
  resolution: "react-turnstile@npm:1.1.4"
  peerDependencies:
    react: ">= 16.13.1"
    react-dom: ">= 16.13.1"
  checksum: 1676e3715192eeb780a926b8187b6dd3f0d7bf207d4763403e77788ba3ab8db180e7cfa6c881c60f01f07590e2ca910b86276ff75cbd0f5ba042437a45bf3cfd
  languageName: node
  linkType: hard
